{
  "name": "esbuild-reactjs",
  "version": "1.0.0",
  "lockfileVersion": 1,
  "requires": true,
  "dependencies": {
    "@datastructures-js/binary-search-tree": {
      "version": "3.1.6",
      "resolved": "https://registry.npmjs.org/@datastructures-js/binary-search-tree/-/binary-search-tree-3.1.6.tgz",
      "integrity": "sha512-YxO6FdXR3Lw5FMUy3ZZbCsMTBED52Pbbo2xS3BCg8+98Wg1kYqq71ukNo3An6DqPlyD/n6FtWNmXRDkL3YNQ8w=="
    },
    "@datastructures-js/graph": {
      "version": "4.0.1",
      "resolved": "https://registry.npmjs.org/@datastructures-js/graph/-/graph-4.0.1.tgz",
      "integrity": "sha512-LZDHvdHMt3kCT1bMYOkHF0x271jUFTKIKV9yGLTBzuYxwvJEyCsItCS+XTjxsPXb/dfuXS2+4pI7UQftKDK+Jg==",
      "requires": {
        "@datastructures-js/queue": "^3.1.3"
      }
    },
    "@datastructures-js/heap": {
      "version": "2.0.0",
      "resolved": "https://registry.npmjs.org/@datastructures-js/heap/-/heap-2.0.0.tgz",
      "integrity": "sha512-LIbt3dAK7v7VPoDQ/hNO3KSlUdPLkO74m1A/c+guKhoBiY1192F2Nt0moHU0wyWw/sUV9zAnw1GPyGsS7401ZQ=="
    },
    "@datastructures-js/linked-list": {
      "version": "2.0.3",
      "resolved": "https://registry.npmjs.org/@datastructures-js/linked-list/-/linked-list-2.0.3.tgz",
      "integrity": "sha512-0+j76V593ZEKrsKEnuDsfWfmW5nxnLOKodrcccFMMqrs7tH9C/opXUjIQrpD7ATnPnvgV0jUEbJ1Siyp2gvD/Q=="
    },
    "@datastructures-js/priority-queue": {
      "version": "4.1.2",
      "resolved": "https://registry.npmjs.org/@datastructures-js/priority-queue/-/priority-queue-4.1.2.tgz",
      "integrity": "sha512-S4fXJcsPdqEp2bbKZlH7suSiZ0lqmIs8n5BXqQXB+7/lA9LSK/Ng0hIehTjgETfe7n3g4ZVLoyjEUWHEbHJFdQ==",
      "requires": {
        "@datastructures-js/heap": "^2.0.0"
      }
    },
    "@datastructures-js/queue": {
      "version": "3.1.4",
      "resolved": "https://registry.npmjs.org/@datastructures-js/queue/-/queue-3.1.4.tgz",
      "integrity": "sha512-8QqkdAJQDDd25OBX28lKj7HXD+Cxs6Ee0ogJkZUjD5R1fAvRAWsrCeKop0szqANYjMwdQQd75vyc3Cm8qNJH+Q=="
    },
    "@datastructures-js/set": {
      "version": "3.1.1",
      "resolved": "https://registry.npmjs.org/@datastructures-js/set/-/set-3.1.1.tgz",
      "integrity": "sha512-c1EMNT6mQigG3j5lfb6D9Xmg+LPBzqxM7GTuz/epGvkMMsE6EdcVX15FQ/yXl8Jus/+ippSLdxEQ8aYfx+3+5Q=="
    },
    "@datastructures-js/stack": {
      "version": "2.0.4",
      "resolved": "https://registry.npmjs.org/@datastructures-js/stack/-/stack-2.0.4.tgz",
      "integrity": "sha512-rwfXNiAloM2lrAhQ5Iw/Tx2KDiH5KgY+Jd0kiYwF5kMmLr58T/1mfSbfSSKuxFv/qpzEQ4vwmqzWlIKxya1naw=="
    },
    "@datastructures-js/trie": {
      "version": "3.0.1",
      "resolved": "https://registry.npmjs.org/@datastructures-js/trie/-/trie-3.0.1.tgz",
      "integrity": "sha512-fPCkL6WNeJffBoGmrwUHcnRPgYxDakZHpr83nAfKzDjcTYBMWHE5/ISZUW74s9WGE0Ho2TQ8X0LCmVy6BzhgNA=="
    },
    "datastructures-js": {
      "version": "9.0.0",
      "resolved": "https://registry.npmjs.org/datastructures-js/-/datastructures-js-9.0.0.tgz",
      "integrity": "sha512-j9HjLcQHkKxcrQNxTx4kRkTa9PqjP9UgSgX+ORUJ/sJ9Dq9689B/KrX6PER6WkIHffdCSSsvOnfZmNg+iqs9sA==",
      "requires": {
        "@datastructures-js/binary-search-tree": "^3.1.6",
        "@datastructures-js/graph": "^4.0.1",
        "@datastructures-js/heap": "^2.0.0",
        "@datastructures-js/linked-list": "^2.0.3",
        "@datastructures-js/priority-queue": "^4.1.2",
        "@datastructures-js/queue": "^3.1.3",
        "@datastructures-js/set": "^3.1.0",
        "@datastructures-js/stack": "^2.0.3",
        "@datastructures-js/trie": "^3.0.1"
      }
    },
    "esbuild": {
      "version": "0.5.14",
      "resolved": "https://registry.npmjs.org/esbuild/-/esbuild-0.5.14.tgz",
      "integrity": "sha512-0vVlkpR7XOsqzhUA6xgKzZ/vIXCi+sZZI7t/HG4vJ+nUqo77iEyg1KfIKuqk2kBJQ9/Ts7NXuK5/mfL2J0ZVzA=="
    },
    "js-tokens": {
      "version": "4.0.0",
      "resolved": "https://registry.npmjs.org/js-tokens/-/js-tokens-4.0.0.tgz",
      "integrity": "sha512-RdJUflcE3cUzKiMqQgsCu06FPu9UdIJO0beYbPhHN4k6apgJtifcoCtT9bcxOpYBtpD2kCM6Sbzg4CausW/PKQ=="
    },
    "loose-envify": {
      "version": "1.4.0",
      "resolved": "https://registry.npmjs.org/loose-envify/-/loose-envify-1.4.0.tgz",
      "integrity": "sha512-lyuxPGr/Wfhrlem2CL/UcnUc1zcqKAImBDzukY7Y5F/yQiNdko6+fRLevlw1HgMySw7f611UIY408EtxRSoK3Q==",
      "requires": {
        "js-tokens": "^3.0.0 || ^4.0.0"
      }
    },
    "mime": {
      "version": "2.4.6",
      "resolved": "https://registry.npmjs.org/mime/-/mime-2.4.6.tgz",
      "integrity": "sha512-RZKhC3EmpBchfTGBVb8fb+RL2cWyw/32lshnsETttkBAyAUXSGHxbEJWWRXc751DrIxG1q04b8QwMbAwkRPpUA=="
    },
    "object-assign": {
      "version": "4.1.1",
      "resolved": "https://registry.npmjs.org/object-assign/-/object-assign-4.1.1.tgz",
      "integrity": "sha1-IQmtx5ZYh8/AXLvUQsrIv7s2CGM="
    },
    "prop-types": {
      "version": "15.7.2",
      "resolved": "https://registry.npmjs.org/prop-types/-/prop-types-15.7.2.tgz",
      "integrity": "sha512-8QQikdH7//R2vurIJSutZ1smHYTcLpRWEOlHnzcWHmBYrOGUysKwSsrC89BCiFj3CbrfJ/nXFdJepOVrY1GCHQ==",
      "requires": {
        "loose-envify": "^1.4.0",
        "object-assign": "^4.1.1",
        "react-is": "^16.8.1"
      }
    },
    "react": {
      "version": "16.13.1",
      "resolved": "https://registry.npmjs.org/react/-/react-16.13.1.tgz",
      "integrity": "sha512-YMZQQq32xHLX0bz5Mnibv1/LHb3Sqzngu7xstSM+vrkE5Kzr9xE0yMByK5kMoTK30YVJE61WfbxIFFvfeDKT1w==",
      "requires": {
        "loose-envify": "^1.1.0",
        "object-assign": "^4.1.1",
        "prop-types": "^15.6.2"
      }
    },
    "react-dom": {
      "version": "16.13.1",
      "resolved": "https://registry.npmjs.org/react-dom/-/react-dom-16.13.1.tgz",
      "integrity": "sha512-81PIMmVLnCNLO/fFOQxdQkvEq/+Hfpv24XNJfpyZhTRfO0QcmQIF/PgCa1zCOj2w1hrn12MFLyaJ/G0+Mxtfag==",
      "requires": {
        "loose-envify": "^1.1.0",
        "object-assign": "^4.1.1",
        "prop-types": "^15.6.2",
        "scheduler": "^0.19.1"
      }
    },
    "react-is": {
      "version": "16.13.1",
      "resolved": "https://registry.npmjs.org/react-is/-/react-is-16.13.1.tgz",
      "integrity": "sha512-24e6ynE2H+OKt4kqsOvNd8kBpV65zoxbA4BVsEOB3ARVWQki/DHzaUoC5KuON/BiccDaCCTZBuOcfZs70kR8bQ=="
    },
    "scheduler": {
      "version": "0.19.1",
      "resolved": "https://registry.npmjs.org/scheduler/-/scheduler-0.19.1.tgz",
      "integrity": "sha512-n/zwRWRYSUj0/3g/otKDRPMh6qv2SYMWNq85IEa8iZyAv8od9zDYpGSnpBEjNgcMNq6Scbu5KfIPxNF72R/2EA==",
      "requires": {
        "loose-envify": "^1.1.0",
        "object-assign": "^4.1.1"
      }
    },
    "static-here": {
      "version": "1.0.0",
      "resolved": "https://registry.npmjs.org/static-here/-/static-here-1.0.0.tgz",
      "integrity": "sha512-x99n4++ly2opiyN0kxmorwCm1s7MjmTBl+JBnWsJ8TsLYIihVOevvAY4s6URbTbnFZf7eNTZF5W8RUequKe5VA==",
      "requires": {
        "mime": "^2.4.6"
      }
    }
  }
}
